{
  "name": "backend",
  "version": "1.0.0",
  "lockfileVersion": 3,
  "requires": true,
  "packages": {
    "": {
      "name": "backend",
      "version": "1.0.0",
      "license": "ISC",
      "dependencies": {
        "@trpc/server": "^10.20.0"
      },
      "devDependencies": {
        "@types/node": "^18.15.11"
      }
    },
    "node_modules/@trpc/server": {
      "version": "10.20.0",
      "resolved": "https://registry.npmjs.org/@trpc/server/-/server-10.20.0.tgz",
      "integrity": "sha512-pbrdgw2mO8lWygyZjGLbOq/EoWFWEJvLaxp8JmGsivMIh/IZR5mksPJdywAGQ4TBrbcqssKhuoJ/8OE9mhaveg=="
    },
    "node_modules/@types/node": {
      "version": "18.15.11",
      "resolved": "https://registry.npmjs.org/@types/node/-/node-18.15.11.tgz",
      "integrity": "sha512-E5Kwq2n4SbMzQOn6wnmBjuK9ouqlURrcZDVfbo9ftDDTFt3nk7ZKK4GMOzoYgnpQJKcxwQw+lGaBvvlMo0qN/Q==",
      "dev": true
    }
  }
}
